
Microsoft Visual Studio Solution File, Format Version 12.00
# Visual Studio Version 17
VisualStudioVersion = 17.3.32901.215
MinimumVisualStudioVersion = 10.0.40219.1
Project("{2150E333-8FDC-42A3-9474-1A3956D46DE8}") = "Documents", "Documents", "{88188203-5ACD-4FDC-A2D8-E058436A5472}"
EndProject
Project("{2150E333-8FDC-42A3-9474-1A3956D46DE8}") = "SRC", "SRC", "{DA4C332D-890A-42DC-922B-CB384FF626CE}"
EndProject
Project("{2150E333-8FDC-42A3-9474-1A3956D46DE8}") = "Test", "Test", "{BF83D2B4-56D7-4F00-8644-50262303FBD4}"
EndProject
Project("{2150E333-8FDC-42A3-9474-1A3956D46DE8}") = "Core", "Core", "{789D63EC-84F1-481D-93FA-050562EE4213}"
EndProject
Project("{2150E333-8FDC-42A3-9474-1A3956D46DE8}") = "EndPiont", "EndPiont", "{C9262740-A859-4071-822B-E83B7BCFB69C}"
EndProject
Project("{2150E333-8FDC-42A3-9474-1A3956D46DE8}") = "Infrastucture", "Infrastucture", "{AB30E751-0AFE-4824-B063-919E12D2F335}"
EndProject
Project("{9A19103F-16F7-4668-BE54-9A1E7A4F7556}") = "DomainClass", "DomainClass\DomainClass.csproj", "{98E663EF-5583-4750-83D8-25D949439B33}"
EndProject
Project("{9A19103F-16F7-4668-BE54-9A1E7A4F7556}") = "ApplicationsServices", "ApplicatinsServices\ApplicationsServices.csproj", "{A223358F-568E-4385-8083-CAAD24A43307}"
EndProject
Project("{9A19103F-16F7-4668-BE54-9A1E7A4F7556}") = "Persistence", "Persistence\Persistence.csproj", "{4567AF25-A05C-4765-9D49-3489447BB75F}"
EndProject
Project("{9A19103F-16F7-4668-BE54-9A1E7A4F7556}") = "Shared", "Shared\Shared.csproj", "{F8203F7B-A244-4884-B22E-36020BE2A6D2}"
EndProject
Project("{9A19103F-16F7-4668-BE54-9A1E7A4F7556}") = "InstituteWebApi", "InstituteWebApi\InstituteWebApi.csproj", "{637A9512-A968-40BC-BF8B-DE2292804326}"
EndProject
Global
	GlobalSection(SolutionConfigurationPlatforms) = preSolution
		Debug|Any CPU = Debug|Any CPU
		Release|Any CPU = Release|Any CPU
	EndGlobalSection
	GlobalSection(ProjectConfigurationPlatforms) = postSolution
		{98E663EF-5583-4750-83D8-25D949439B33}.Debug|Any CPU.ActiveCfg = Debug|Any CPU
		{98E663EF-5583-4750-83D8-25D949439B33}.Debug|Any CPU.Build.0 = Debug|Any CPU
		{98E663EF-5583-4750-83D8-25D949439B33}.Release|Any CPU.ActiveCfg = Release|Any CPU
		{98E663EF-5583-4750-83D8-25D949439B33}.Release|Any CPU.Build.0 = Release|Any CPU
		{A223358F-568E-4385-8083-CAAD24A43307}.Debug|Any CPU.ActiveCfg = Debug|Any CPU
		{A223358F-568E-4385-8083-CAAD24A43307}.Debug|Any CPU.Build.0 = Debug|Any CPU
		{A223358F-568E-4385-8083-CAAD24A43307}.Release|Any CPU.ActiveCfg = Release|Any CPU
		{A223358F-568E-4385-8083-CAAD24A43307}.Release|Any CPU.Build.0 = Release|Any CPU
		{4567AF25-A05C-4765-9D49-3489447BB75F}.Debug|Any CPU.ActiveCfg = Debug|Any CPU
		{4567AF25-A05C-4765-9D49-3489447BB75F}.Debug|Any CPU.Build.0 = Debug|Any CPU
		{4567AF25-A05C-4765-9D49-3489447BB75F}.Release|Any CPU.ActiveCfg = Release|Any CPU
		{4567AF25-A05C-4765-9D49-3489447BB75F}.Release|Any CPU.Build.0 = Release|Any CPU
		{F8203F7B-A244-4884-B22E-36020BE2A6D2}.Debug|Any CPU.ActiveCfg = Debug|Any CPU
		{F8203F7B-A244-4884-B22E-36020BE2A6D2}.Debug|Any CPU.Build.0 = Debug|Any CPU
		{F8203F7B-A244-4884-B22E-36020BE2A6D2}.Release|Any CPU.ActiveCfg = Release|Any CPU
		{F8203F7B-A244-4884-B22E-36020BE2A6D2}.Release|Any CPU.Build.0 = Release|Any CPU
		{637A9512-A968-40BC-BF8B-DE2292804326}.Debug|Any CPU.ActiveCfg = Debug|Any CPU
		{637A9512-A968-40BC-BF8B-DE2292804326}.Debug|Any CPU.Build.0 = Debug|Any CPU
		{637A9512-A968-40BC-BF8B-DE2292804326}.Release|Any CPU.ActiveCfg = Release|Any CPU
		{637A9512-A968-40BC-BF8B-DE2292804326}.Release|Any CPU.Build.0 = Release|Any CPU
	EndGlobalSection
	GlobalSection(SolutionProperties) = preSolution
		HideSolutionNode = FALSE
	EndGlobalSection
	GlobalSection(NestedProjects) = preSolution
		{789D63EC-84F1-481D-93FA-050562EE4213} = {DA4C332D-890A-42DC-922B-CB384FF626CE}
		{C9262740-A859-4071-822B-E83B7BCFB69C} = {DA4C332D-890A-42DC-922B-CB384FF626CE}
		{AB30E751-0AFE-4824-B063-919E12D2F335} = {DA4C332D-890A-42DC-922B-CB384FF626CE}
		{98E663EF-5583-4750-83D8-25D949439B33} = {789D63EC-84F1-481D-93FA-050562EE4213}
		{A223358F-568E-4385-8083-CAAD24A43307} = {789D63EC-84F1-481D-93FA-050562EE4213}
		{4567AF25-A05C-4765-9D49-3489447BB75F} = {AB30E751-0AFE-4824-B063-919E12D2F335}
		{F8203F7B-A244-4884-B22E-36020BE2A6D2} = {AB30E751-0AFE-4824-B063-919E12D2F335}
		{637A9512-A968-40BC-BF8B-DE2292804326} = {C9262740-A859-4071-822B-E83B7BCFB69C}
	EndGlobalSection
	GlobalSection(ExtensibilityGlobals) = postSolution
		SolutionGuid = {9480E940-463C-4782-8213-F2BD2F16CE53}
	EndGlobalSection
EndGlobal
